// !$*UTF8*$!
{
	archiveVersion = 1;
	classes = {
	};
	objectVersion = 55;
	objects = {

/* Begin PBXBuildFile section */
		BBF9A664F407060C169573BF /* Pods_MultiTracking.framework in Frameworks */ = {isa = PBXBuildFile; fileRef = 49FB1C4A5206B353A227D492 /* Pods_MultiTracking.framework */; };
		D3289BEB29320F3B00CB44D1 /* AppDelegate.swift in Sources */ = {isa = PBXBuildFile; fileRef = D3289BEA29320F3B00CB44D1 /* AppDelegate.swift */; };
		D3289BEF29320F3B00CB44D1 /* TrackingViewController.swift in Sources */ = {isa = PBXBuildFile; fileRef = D3289BEE29320F3B00CB44D1 /* TrackingViewController.swift */; };
		D3289BF229320F3B00CB44D1 /* Tracking Map Main.storyboard in Resources */ = {isa = PBXBuildFile; fileRef = D3289BF029320F3B00CB44D1 /* Tracking Map Main.storyboard */; };
		D3289BF429320F3D00CB44D1 /* Assets.xcassets in Resources */ = {isa = PBXBuildFile; fileRef = D3289BF329320F3D00CB44D1 /* Assets.xcassets */; };
		D3289BF729320F3D00CB44D1 /* LaunchScreen.storyboard in Resources */ = {isa = PBXBuildFile; fileRef = D3289BF529320F3D00CB44D1 /* LaunchScreen.storyboard */; };
		D394864529326200001C0B37 /* updateViewController.swift in Sources */ = {isa = PBXBuildFile; fileRef = D394864429326200001C0B37 /* updateViewController.swift */; };
		D3C9C8C029321712001467F7 /* GoogleMap.swift in Sources */ = {isa = PBXBuildFile; fileRef = D3C9C8BF29321712001467F7 /* GoogleMap.swift */; };
		D3C9C8C329321BF5001467F7 /* LocationModel.swift in Sources */ = {isa = PBXBuildFile; fileRef = D3C9C8C229321BF5001467F7 /* LocationModel.swift */; };
		D3C9C8C529321CE1001467F7 /* GoogleService-Info.plist in Resources */ = {isa = PBXBuildFile; fileRef = D3C9C8C429321CE1001467F7 /* GoogleService-Info.plist */; };
		D3C9C8C829321D76001467F7 /* Firebase.swift in Sources */ = {isa = PBXBuildFile; fileRef = D3C9C8C729321D76001467F7 /* Firebase.swift */; };
		D3C9C8CC2932430C001467F7 /* trackingViewModel.swift in Sources */ = {isa = PBXBuildFile; fileRef = D3C9C8CB2932430C001467F7 /* trackingViewModel.swift */; };
/* End PBXBuildFile section */

/* Begin PBXFileReference section */
		49FB1C4A5206B353A227D492 /* Pods_MultiTracking.framework */ = {isa = PBXFileReference; explicitFileType = wrapper.framework; includeInIndex = 0; path = Pods_MultiTracking.framework; sourceTree = BUILT_PRODUCTS_DIR; };
		5F08C604AFC8FD9AE194E37F /* Pods-MultiTracking.debug.xcconfig */ = {isa = PBXFileReference; includeInIndex = 1; lastKnownFileType = text.xcconfig; name = "Pods-MultiTracking.debug.xcconfig"; path = "Target Support Files/Pods-MultiTracking/Pods-MultiTracking.debug.xcconfig"; sourceTree = "<group>"; };
		D3289BE729320F3B00CB44D1 /* MultiTracking.app */ = {isa = PBXFileReference; explicitFileType = wrapper.application; includeInIndex = 0; path = MultiTracking.app; sourceTree = BUILT_PRODUCTS_DIR; };
		D3289BEA29320F3B00CB44D1 /* AppDelegate.swift */ = {isa = PBXFileReference; lastKnownFileType = sourcecode.swift; path = AppDelegate.swift; sourceTree = "<group>"; };
		D3289BEE29320F3B00CB44D1 /* TrackingViewController.swift */ = {isa = PBXFileReference; lastKnownFileType = sourcecode.swift; path = TrackingViewController.swift; sourceTree = "<group>"; };
		D3289BF129320F3B00CB44D1 /* Base */ = {isa = PBXFileReference; lastKnownFileType = file.storyboard; name = Base; path = "Base.lproj/Tracking Map Main.storyboard"; sourceTree = "<group>"; };
		D3289BF329320F3D00CB44D1 /* Assets.xcassets */ = {isa = PBXFileReference; lastKnownFileType = folder.assetcatalog; path = Assets.xcassets; sourceTree = "<group>"; };
		D3289BF629320F3D00CB44D1 /* Base */ = {isa = PBXFileReference; lastKnownFileType = file.storyboard; name = Base; path = Base.lproj/LaunchScreen.storyboard; sourceTree = "<group>"; };
		D3289BF829320F3D00CB44D1 /* Info.plist */ = {isa = PBXFileReference; lastKnownFileType = text.plist.xml; path = Info.plist; sourceTree = "<group>"; };
		D394864429326200001C0B37 /* updateViewController.swift */ = {isa = PBXFileReference; lastKnownFileType = sourcecode.swift; path = updateViewController.swift; sourceTree = "<group>"; };
		D3C9C8BF29321712001467F7 /* GoogleMap.swift */ = {isa = PBXFileReference; lastKnownFileType = sourcecode.swift; path = GoogleMap.swift; sourceTree = "<group>"; };
		D3C9C8C229321BF5001467F7 /* LocationModel.swift */ = {isa = PBXFileReference; lastKnownFileType = sourcecode.swift; path = LocationModel.swift; sourceTree = "<group>"; };
		D3C9C8C429321CE1001467F7 /* GoogleService-Info.plist */ = {isa = PBXFileReference; fileEncoding = 4; lastKnownFileType = text.plist.xml; path = "GoogleService-Info.plist"; sourceTree = "<group>"; };
		D3C9C8C729321D76001467F7 /* Firebase.swift */ = {isa = PBXFileReference; lastKnownFileType = sourcecode.swift; path = Firebase.swift; sourceTree = "<group>"; };
		D3C9C8CB2932430C001467F7 /* trackingViewModel.swift */ = {isa = PBXFileReference; lastKnownFileType = sourcecode.swift; path = trackingViewModel.swift; sourceTree = "<group>"; };
		DE6D9185C5D576E204D41A9D /* Pods-MultiTracking.release.xcconfig */ = {isa = PBXFileReference; includeInIndex = 1; lastKnownFileType = text.xcconfig; name = "Pods-MultiTracking.release.xcconfig"; path = "Target Support Files/Pods-MultiTracking/Pods-MultiTracking.release.xcconfig"; sourceTree = "<group>"; };
/* End PBXFileReference section */

/* Begin PBXFrameworksBuildPhase section */
		D3289BE429320F3B00CB44D1 /* Frameworks */ = {
			isa = PBXFrameworksBuildPhase;
			buildActionMask = 2147483647;
			files = (
				BBF9A664F407060C169573BF /* Pods_MultiTracking.framework in Frameworks */,
			);
			runOnlyForDeploymentPostprocessing = 0;
		};
/* End PBXFrameworksBuildPhase section */

/* Begin PBXGroup section */
		A563DD86DA17FA39C8F6EA88 /* Frameworks */ = {
			isa = PBXGroup;
			children = (
				49FB1C4A5206B353A227D492 /* Pods_MultiTracking.framework */,
			);
			name = Frameworks;
			sourceTree = "<group>";
		};
		B8025A9FFFA97EC2877EDD88 /* Pods */ = {
			isa = PBXGroup;
			children = (
				5F08C604AFC8FD9AE194E37F /* Pods-MultiTracking.debug.xcconfig */,
				DE6D9185C5D576E204D41A9D /* Pods-MultiTracking.release.xcconfig */,
			);
			path = Pods;
			sourceTree = "<group>";
		};
		D3289BDE29320F3B00CB44D1 = {
			isa = PBXGroup;
			children = (
				D3289BE929320F3B00CB44D1 /* MultiTracking */,
				D3289BE829320F3B00CB44D1 /* Products */,
				B8025A9FFFA97EC2877EDD88 /* Pods */,
				A563DD86DA17FA39C8F6EA88 /* Frameworks */,
			);
			sourceTree = "<group>";
		};
		D3289BE829320F3B00CB44D1 /* Products */ = {
			isa = PBXGroup;
			children = (
				D3289BE729320F3B00CB44D1 /* MultiTracking.app */,
			);
			name = Products;
			sourceTree = "<group>";
		};
		D3289BE929320F3B00CB44D1 /* MultiTracking */ = {
			isa = PBXGroup;
			children = (
				D3289BFE29320F7200CB44D1 /* AppDelegate */,
				D3289C0129320FA900CB44D1 /* launchScreen */,
				D3C9C8C129321BE3001467F7 /* Model */,
				D3C9C8C629321D58001467F7 /* Firebase */,
				D3C9C8BE293216FB001467F7 /* GoogleMap */,
				D3289BFF29320F7D00CB44D1 /* Track */,
				D3948643293261E3001C0B37 /* update location */,
				D3289C0029320F8900CB44D1 /* Assists */,
			);
			path = MultiTracking;
			sourceTree = "<group>";
		};
		D3289BFE29320F7200CB44D1 /* AppDelegate */ = {
			isa = PBXGroup;
			children = (
				D3289BEA29320F3B00CB44D1 /* AppDelegate.swift */,
			);
			path = AppDelegate;
			sourceTree = "<group>";
		};
		D3289BFF29320F7D00CB44D1 /* Track */ = {
			isa = PBXGroup;
			children = (
				D3C9C8CA293242FD001467F7 /* tracking ViewModel */,
				D3C9C8C9293242F0001467F7 /* Tracking Controller */,
				D3289BF029320F3B00CB44D1 /* Tracking Map Main.storyboard */,
			);
			path = Track;
			sourceTree = "<group>";
		};
		D3289C0029320F8900CB44D1 /* Assists */ = {
			isa = PBXGroup;
			children = (
				D3289BF329320F3D00CB44D1 /* Assets.xcassets */,
				D3C9C8C429321CE1001467F7 /* GoogleService-Info.plist */,
				D3289BF829320F3D00CB44D1 /* Info.plist */,
			);
			path = Assists;
			sourceTree = "<group>";
		};
		D3289C0129320FA900CB44D1 /* launchScreen */ = {
			isa = PBXGroup;
			children = (
				D3289BF529320F3D00CB44D1 /* LaunchScreen.storyboard */,
			);
			path = launchScreen;
			sourceTree = "<group>";
		};
		D3948643293261E3001C0B37 /* update location */ = {
			isa = PBXGroup;
			children = (
				D394864429326200001C0B37 /* updateViewController.swift */,
			);
			path = "update location";
			sourceTree = "<group>";
		};
		D3C9C8BE293216FB001467F7 /* GoogleMap */ = {
			isa = PBXGroup;
			children = (
				D3C9C8BF29321712001467F7 /* GoogleMap.swift */,
			);
			path = GoogleMap;
			sourceTree = "<group>";
		};
		D3C9C8C129321BE3001467F7 /* Model */ = {
			isa = PBXGroup;
			children = (
				D3C9C8C229321BF5001467F7 /* LocationModel.swift */,
			);
			path = Model;
			sourceTree = "<group>";
		};
		D3C9C8C629321D58001467F7 /* Firebase */ = {
			isa = PBXGroup;
			children = (
				D3C9C8C729321D76001467F7 /* Firebase.swift */,
			);
			path = Firebase;
			sourceTree = "<group>";
		};
		D3C9C8C9293242F0001467F7 /* Tracking Controller */ = {
			isa = PBXGroup;
			children = (
				D3289BEE29320F3B00CB44D1 /* TrackingViewController.swift */,
			);
			path = "Tracking Controller";
			sourceTree = "<group>";
		};
		D3C9C8CA293242FD001467F7 /* tracking ViewModel */ = {
			isa = PBXGroup;
			children = (
				D3C9C8CB2932430C001467F7 /* trackingViewModel.swift */,
			);
			path = "tracking ViewModel";
			sourceTree = "<group>";
		};
/* End PBXGroup section */

/* Begin PBXNativeTarget section */
		D3289BE629320F3B00CB44D1 /* MultiTracking */ = {
			isa = PBXNativeTarget;
			buildConfigurationList = D3289BFB29320F3D00CB44D1 /* Build configuration list for PBXNativeTarget "MultiTracking" */;
			buildPhases = (
				1D0AB0648B6D33ABF1E6DF99 /* [CP] Check Pods Manifest.lock */,
				D3289BE329320F3B00CB44D1 /* Sources */,
				D3289BE429320F3B00CB44D1 /* Frameworks */,
				D3289BE529320F3B00CB44D1 /* Resources */,
				93366F289743D949C83D830D /* [CP] Embed Pods Frameworks */,
				727F4E6F06965C7E435BD44B /* [CP] Copy Pods Resources */,
			);
			buildRules = (
			);
			dependencies = (
			);
			name = MultiTracking;
			productName = MultiTracking;
			productReference = D3289BE729320F3B00CB44D1 /* MultiTracking.app */;
			productType = "com.apple.product-type.application";
		};
/* End PBXNativeTarget section */

/* Begin PBXProject section */
		D3289BDF29320F3B00CB44D1 /* Project object */ = {
			isa = PBXProject;
			attributes = {
				BuildIndependentTargetsInParallel = 1;
				LastSwiftUpdateCheck = 1330;
				LastUpgradeCheck = 1330;
				TargetAttributes = {
					D3289BE629320F3B00CB44D1 = {
						CreatedOnToolsVersion = 13.3;
					};
				};
			};
			buildConfigurationList = D3289BE229320F3B00CB44D1 /* Build configuration list for PBXProject "MultiTracking" */;
			compatibilityVersion = "Xcode 13.0";
			developmentRegion = en;
			hasScannedForEncodings = 0;
			knownRegions = (
				en,
				Base,
			);
			mainGroup = D3289BDE29320F3B00CB44D1;
			productRefGroup = D3289BE829320F3B00CB44D1 /* Products */;
			projectDirPath = "";
			projectRoot = "";
			targets = (
				D3289BE629320F3B00CB44D1 /* MultiTracking */,
			);
		};
/* End PBXProject section */

/* Begin PBXResourcesBuildPhase section */
		D3289BE529320F3B00CB44D1 /* Resources */ = {
			isa = PBXResourcesBuildPhase;
			buildActionMask = 2147483647;
			files = (
				D3289BF729320F3D00CB44D1 /* LaunchScreen.storyboard in Resources */,
				D3C9C8C529321CE1001467F7 /* GoogleService-Info.plist in Resources */,
				D3289BF429320F3D00CB44D1 /* Assets.xcassets in Resources */,
				D3289BF229320F3B00CB44D1 /* Tracking Map Main.storyboard in Resources */,
			);
			runOnlyForDeploymentPostprocessing = 0;
		};
/* End PBXResourcesBuildPhase section */

/* Begin PBXShellScriptBuildPhase section */
		1D0AB0648B6D33ABF1E6DF99 /* [CP] Check Pods Manifest.lock */ = {
			isa = PBXShellScriptBuildPhase;
			buildActionMask = 2147483647;
			files = (
			);
			inputFileListPaths = (
			);
			inputPaths = (
				"${PODS_PODFILE_DIR_PATH}/Podfile.lock",
				"${PODS_ROOT}/Manifest.lock",
			);
			name = "[CP] Check Pods Manifest.lock";
			outputFileListPaths = (
			);
			outputPaths = (
				"$(DERIVED_FILE_DIR)/Pods-MultiTracking-checkManifestLockResult.txt",
			);
			runOnlyForDeploymentPostprocessing = 0;
			shellPath = /bin/sh;
			shellScript = "diff \"${PODS_PODFILE_DIR_PATH}/Podfile.lock\" \"${PODS_ROOT}/Manifest.lock\" > /dev/null\nif [ $? != 0 ] ; then\n    # print error to STDERR\n    echo \"error: The sandbox is not in sync with the Podfile.lock. Run 'pod install' or update your CocoaPods installation.\" >&2\n    exit 1\nfi\n# This output is used by Xcode 'outputs' to avoid re-running this script phase.\necho \"SUCCESS\" > \"${SCRIPT_OUTPUT_FILE_0}\"\n";
			showEnvVarsInLog = 0;
		};
		727F4E6F06965C7E435BD44B /* [CP] Copy Pods Resources */ = {
			isa = PBXShellScriptBuildPhase;
			buildActionMask = 2147483647;
			files = (
			);
			inputFileListPaths = (
				"${PODS_ROOT}/Target Support Files/Pods-MultiTracking/Pods-MultiTracking-resources-${CONFIGURATION}-input-files.xcfilelist",
			);
			name = "[CP] Copy Pods Resources";
			outputFileListPaths = (
				"${PODS_ROOT}/Target Support Files/Pods-MultiTracking/Pods-MultiTracking-resources-${CONFIGURATION}-output-files.xcfilelist",
			);
			runOnlyForDeploymentPostprocessing = 0;
			shellPath = /bin/sh;
			shellScript = "\"${PODS_ROOT}/Target Support Files/Pods-MultiTracking/Pods-MultiTracking-resources.sh\"\n";
			showEnvVarsInLog = 0;
		};
		93366F289743D949C83D830D /* [CP] Embed Pods Frameworks */ = {
			isa = PBXShellScriptBuildPhase;
			buildActionMask = 2147483647;
			files = (
			);
			inputFileListPaths = (
				"${PODS_ROOT}/Target Support Files/Pods-MultiTracking/Pods-MultiTracking-frameworks-${CONFIGURATION}-input-files.xcfilelist",
			);
			name = "[CP] Embed Pods Frameworks";
			outputFileListPaths = (
				"${PODS_ROOT}/Target Support Files/Pods-MultiTracking/Pods-MultiTracking-frameworks-${CONFIGURATION}-output-files.xcfilelist",
			);
			runOnlyForDeploymentPostprocessing = 0;
			shellPath = /bin/sh;
			shellScript = "\"${PODS_ROOT}/Target Support Files/Pods-MultiTracking/Pods-MultiTracking-frameworks.sh\"\n";
			showEnvVarsInLog = 0;
		};
/* End PBXShellScriptBuildPhase section */

/* Begin PBXSourcesBuildPhase section */
		D3289BE329320F3B00CB44D1 /* Sources */ = {
			isa = PBXSourcesBuildPhase;
			buildActionMask = 2147483647;
			files = (
				D3C9C8C829321D76001467F7 /* Firebase.swift in Sources */,
				D3C9C8C329321BF5001467F7 /* LocationModel.swift in Sources */,
				D3289BEF29320F3B00CB44D1 /* TrackingViewController.swift in Sources */,
				D3C9C8CC2932430C001467F7 /* trackingViewModel.swift in Sources */,
				D394864529326200001C0B37 /* updateViewController.swift in Sources */,
				D3C9C8C029321712001467F7 /* GoogleMap.swift in Sources */,
				D3289BEB29320F3B00CB44D1 /* AppDelegate.swift in Sources */,
			);
			runOnlyForDeploymentPostprocessing = 0;
		};
/* End PBXSourcesBuildPhase section */

/* Begin PBXVariantGroup section */
		D3289BF029320F3B00CB44D1 /* Tracking Map Main.storyboard */ = {
			isa = PBXVariantGroup;
			children = (
				D3289BF129320F3B00CB44D1 /* Base */,
			);
			name = "Tracking Map Main.storyboard";
			sourceTree = "<group>";
		};
		D3289BF529320F3D00CB44D1 /* LaunchScreen.storyboard */ = {
			isa = PBXVariantGroup;
			children = (
				D3289BF629320F3D00CB44D1 /* Base */,
			);
			name = LaunchScreen.storyboard;
			sourceTree = "<group>";
		};
/* End PBXVariantGroup section */

/* Begin XCBuildConfiguration section */
		D3289BF929320F3D00CB44D1 /* Debug */ = {
			isa = XCBuildConfiguration;
			buildSettings = {
				ALWAYS_SEARCH_USER_PATHS = NO;
				CLANG_ANALYZER_NONNULL = YES;
				CLANG_ANALYZER_NUMBER_OBJECT_CONVERSION = YES_AGGRESSIVE;
				CLANG_CXX_LANGUAGE_STANDARD = "gnu++17";
				CLANG_ENABLE_MODULES = YES;
				CLANG_ENABLE_OBJC_ARC = YES;
				CLANG_ENABLE_OBJC_WEAK = YES;
				CLANG_WARN_BLOCK_CAPTURE_AUTORELEASING = YES;
				CLANG_WARN_BOOL_CONVERSION = YES;
				CLANG_WARN_COMMA = YES;
				CLANG_WARN_CONSTANT_CONVERSION = YES;
				CLANG_WARN_DEPRECATED_OBJC_IMPLEMENTATIONS = YES;
				CLANG_WARN_DIRECT_OBJC_ISA_USAGE = YES_ERROR;
				CLANG_WARN_DOCUMENTATION_COMMENTS = YES;
				CLANG_WARN_EMPTY_BODY = YES;
				CLANG_WARN_ENUM_CONVERSION = YES;
				CLANG_WARN_INFINITE_RECURSION = YES;
				CLANG_WARN_INT_CONVERSION = YES;
				CLANG_WARN_NON_LITERAL_NULL_CONVERSION = YES;
				CLANG_WARN_OBJC_IMPLICIT_RETAIN_SELF = YES;
				CLANG_WARN_OBJC_LITERAL_CONVERSION = YES;
				CLANG_WARN_OBJC_ROOT_CLASS = YES_ERROR;
				CLANG_WARN_QUOTED_INCLUDE_IN_FRAMEWORK_HEADER = YES;
				CLANG_WARN_RANGE_LOOP_ANALYSIS = YES;
				CLANG_WARN_STRICT_PROTOTYPES = YES;
				CLANG_WARN_SUSPICIOUS_MOVE = YES;
				CLANG_WARN_UNGUARDED_AVAILABILITY = YES_AGGRESSIVE;
				CLANG_WARN_UNREACHABLE_CODE = YES;
				CLANG_WARN__DUPLICATE_METHOD_MATCH = YES;
				COPY_PHASE_STRIP = NO;
				DEBUG_INFORMATION_FORMAT = dwarf;
				ENABLE_STRICT_OBJC_MSGSEND = YES;
				ENABLE_TESTABILITY = YES;
				GCC_C_LANGUAGE_STANDARD = gnu11;
				GCC_DYNAMIC_NO_PIC = NO;
				GCC_NO_COMMON_BLOCKS = YES;
				GCC_OPTIMIZATION_LEVEL = 0;
				GCC_PREPROCESSOR_DEFINITIONS = (
					"DEBUG=1",
					"$(inherited)",
				);
				GCC_WARN_64_TO_32_BIT_CONVERSION = YES;
				GCC_WARN_ABOUT_RETURN_TYPE = YES_ERROR;
				GCC_WARN_UNDECLARED_SELECTOR = YES;
				GCC_WARN_UNINITIALIZED_AUTOS = YES_AGGRESSIVE;
				GCC_WARN_UNUSED_FUNCTION = YES;
				GCC_WARN_UNUSED_VARIABLE = YES;
				IPHONEOS_DEPLOYMENT_TARGET = 15.4;
				MTL_ENABLE_DEBUG_INFO = INCLUDE_SOURCE;
				MTL_FAST_MATH = YES;
				ONLY_ACTIVE_ARCH = YES;
				SDKROOT = iphoneos;
				SWIFT_ACTIVE_COMPILATION_CONDITIONS = DEBUG;
				SWIFT_OPTIMIZATION_LEVEL = "-Onone";
			};
			name = Debug;
		};
		D3289BFA29320F3D00CB44D1 /* Release */ = {
			isa = XCBuildConfiguration;
			buildSettings = {
				ALWAYS_SEARCH_USER_PATHS = NO;
				CLANG_ANALYZER_NONNULL = YES;
				CLANG_ANALYZER_NUMBER_OBJECT_CONVERSION = YES_AGGRESSIVE;
				CLANG_CXX_LANGUAGE_STANDARD = "gnu++17";
				CLANG_ENABLE_MODULES = YES;
				CLANG_ENABLE_OBJC_ARC = YES;
				CLANG_ENABLE_OBJC_WEAK = YES;
				CLANG_WARN_BLOCK_CAPTURE_AUTORELEASING = YES;
				CLANG_WARN_BOOL_CONVERSION = YES;
				CLANG_WARN_COMMA = YES;
				CLANG_WARN_CONSTANT_CONVERSION = YES;
				CLANG_WARN_DEPRECATED_OBJC_IMPLEMENTATIONS = YES;
				CLANG_WARN_DIRECT_OBJC_ISA_USAGE = YES_ERROR;
				CLANG_WARN_DOCUMENTATION_COMMENTS = YES;
				CLANG_WARN_EMPTY_BODY = YES;
				CLANG_WARN_ENUM_CONVERSION = YES;
				CLANG_WARN_INFINITE_RECURSION = YES;
				CLANG_WARN_INT_CONVERSION = YES;
				CLANG_WARN_NON_LITERAL_NULL_CONVERSION = YES;
				CLANG_WARN_OBJC_IMPLICIT_RETAIN_SELF = YES;
				CLANG_WARN_OBJC_LITERAL_CONVERSION = YES;
				CLANG_WARN_OBJC_ROOT_CLASS = YES_ERROR;
				CLANG_WARN_QUOTED_INCLUDE_IN_FRAMEWORK_HEADER = YES;
				CLANG_WARN_RANGE_LOOP_ANALYSIS = YES;
				CLANG_WARN_STRICT_PROTOTYPES = YES;
				CLANG_WARN_SUSPICIOUS_MOVE = YES;
				CLANG_WARN_UNGUARDED_AVAILABILITY = YES_AGGRESSIVE;
				CLANG_WARN_UNREACHABLE_CODE = YES;
				CLANG_WARN__DUPLICATE_METHOD_MATCH = YES;
				COPY_PHASE_STRIP = NO;
				DEBUG_INFORMATION_FORMAT = "dwarf-with-dsym";
				ENABLE_NS_ASSERTIONS = NO;
				ENABLE_STRICT_OBJC_MSGSEND = YES;
				GCC_C_LANGUAGE_STANDARD = gnu11;
				GCC_NO_COMMON_BLOCKS = YES;
				GCC_WARN_64_TO_32_BIT_CONVERSION = YES;
				GCC_WARN_ABOUT_RETURN_TYPE = YES_ERROR;
				GCC_WARN_UNDECLARED_SELECTOR = YES;
				GCC_WARN_UNINITIALIZED_AUTOS = YES_AGGRESSIVE;
				GCC_WARN_UNUSED_FUNCTION = YES;
				GCC_WARN_UNUSED_VARIABLE = YES;
				IPHONEOS_DEPLOYMENT_TARGET = 15.4;
				MTL_ENABLE_DEBUG_INFO = NO;
				MTL_FAST_MATH = YES;
				SDKROOT = iphoneos;
				SWIFT_COMPILATION_MODE = wholemodule;
				SWIFT_OPTIMIZATION_LEVEL = "-O";
				VALIDATE_PRODUCT = YES;
			};
			name = Release;
		};
		D3289BFC29320F3D00CB44D1 /* Debug */ = {
			isa = XCBuildConfiguration;
			baseConfigurationReference = 5F08C604AFC8FD9AE194E37F /* Pods-MultiTracking.debug.xcconfig */;
			buildSettings = {
				ASSETCATALOG_COMPILER_APPICON_NAME = AppIcon;
				ASSETCATALOG_COMPILER_GLOBAL_ACCENT_COLOR_NAME = AccentColor;
				CODE_SIGN_STYLE = Automatic;
				CURRENT_PROJECT_VERSION = 1;
				DEVELOPMENT_TEAM = X4YZSY77G5;
				GENERATE_INFOPLIST_FILE = YES;
				INFOPLIST_FILE = MultiTracking/Assists/Info.plist;
				INFOPLIST_KEY_UIApplicationSupportsIndirectInputEvents = YES;
				INFOPLIST_KEY_UILaunchStoryboardName = LaunchScreen;
				INFOPLIST_KEY_UIMainStoryboardFile = "Tracking Map Main";
				INFOPLIST_KEY_UISupportedInterfaceOrientations_iPad = "UIInterfaceOrientationPortrait UIInterfaceOrientationPortraitUpsideDown UIInterfaceOrientationLandscapeLeft UIInterfaceOrientationLandscapeRight";
				INFOPLIST_KEY_UISupportedInterfaceOrientations_iPhone = "UIInterfaceOrientationPortrait UIInterfaceOrientationLandscapeLeft UIInterfaceOrientationLandscapeRight";
				IPHONEOS_DEPLOYMENT_TARGET = 12.2;
				LD_RUNPATH_SEARCH_PATHS = (
					"$(inherited)",
					"@executable_path/Frameworks",
				);
				MARKETING_VERSION = 1.0;
				PRODUCT_BUNDLE_IDENTIFIER = com.myorginization199.MultiTracking;
				PRODUCT_NAME = "$(TARGET_NAME)";
				SWIFT_EMIT_LOC_STRINGS = YES;
				SWIFT_VERSION = 5.0;
				TARGETED_DEVICE_FAMILY = 1;
			};
			name = Debug;
		};
		D3289BFD29320F3D00CB44D1 /* Release */ = {
			isa = XCBuildConfiguration;
			baseConfigurationReference = DE6D9185C5D576E204D41A9D /* Pods-MultiTracking.release.xcconfig */;
			buildSettings = {
				ASSETCATALOG_COMPILER_APPICON_NAME = AppIcon;
				ASSETCATALOG_COMPILER_GLOBAL_ACCENT_COLOR_NAME = AccentColor;
				CODE_SIGN_STYLE = Automatic;
				CURRENT_PROJECT_VERSION = 1;
				DEVELOPMENT_TEAM = X4YZSY77G5;
				GENERATE_INFOPLIST_FILE = YES;
				INFOPLIST_FILE = MultiTracking/Assists/Info.plist;
				INFOPLIST_KEY_UIApplicationSupportsIndirectInputEvents = YES;
				INFOPLIST_KEY_UILaunchStoryboardName = LaunchScreen;
				INFOPLIST_KEY_UIMainStoryboardFile = "Tracking Map Main";
				INFOPLIST_KEY_UISupportedInterfaceOrientations_iPad = "UIInterfaceOrientationPortrait UIInterfaceOrientationPortraitUpsideDown UIInterfaceOrientationLandscapeLeft UIInterfaceOrientationLandscapeRight";
				INFOPLIST_KEY_UISupportedInterfaceOrientations_iPhone = "UIInterfaceOrientationPortrait UIInterfaceOrientationLandscapeLeft UIInterfaceOrientationLandscapeRight";
				IPHONEOS_DEPLOYMENT_TARGET = 12.2;
				LD_RUNPATH_SEARCH_PATHS = (
					"$(inherited)",
					"@executable_path/Frameworks",
				);
				MARKETING_VERSION = 1.0;
				PRODUCT_BUNDLE_IDENTIFIER = com.myorginization199.MultiTracking;
				PRODUCT_NAME = "$(TARGET_NAME)";
				SWIFT_EMIT_LOC_STRINGS = YES;
				SWIFT_VERSION = 5.0;
				TARGETED_DEVICE_FAMILY = 1;
			};
			name = Release;
		};
/* End XCBuildConfiguration section */

/* Begin XCConfigurationList section */
		D3289BE229320F3B00CB44D1 /* Build configuration list for PBXProject "MultiTracking" */ = {
			isa = XCConfigurationList;
			buildConfigurations = (
				D3289BF929320F3D00CB44D1 /* Debug */,
				D3289BFA29320F3D00CB44D1 /* Release */,
			);
			defaultConfigurationIsVisible = 0;
			defaultConfigurationName = Release;
		};
		D3289BFB29320F3D00CB44D1 /* Build configuration list for PBXNativeTarget "MultiTracking" */ = {
			isa = XCConfigurationList;
			buildConfigurations = (
				D3289BFC29320F3D00CB44D1 /* Debug */,
				D3289BFD29320F3D00CB44D1 /* Release */,
			);
			defaultConfigurationIsVisible = 0;
			defaultConfigurationName = Release;
		};
/* End XCConfigurationList section */
	};
	rootObject = D3289BDF29320F3B00CB44D1 /* Project object */;
}
